
Microsoft Visual Studio Solution File, Format Version 12.00
# Visual Studio Version 17
VisualStudioVersion = 17.5.002.0
MinimumVisualStudioVersion = 10.0.40219.1
Project("{9A19103F-16F7-4668-BE54-9A1E7A4F7556}") = "E-Commerce", "E-Commerce.csproj", "{3FD39879-B007-4867-8A43-1F5A4E9583F7}"
EndProject
Global
	GlobalSection(SolutionConfigurationPlatforms) = preSolution
		Debug|Any CPU = Debug|Any CPU
		Release|Any CPU = Release|Any CPU
	EndGlobalSection
	GlobalSection(ProjectConfigurationPlatforms) = postSolution
		{3FD39879-B007-4867-8A43-1F5A4E9583F7}.Debug|Any CPU.ActiveCfg = Debug|Any CPU
		{3FD39879-B007-4867-8A43-1F5A4E9583F7}.Debug|Any CPU.Build.0 = Debug|Any CPU
		{3FD39879-B007-4867-8A43-1F5A4E9583F7}.Release|Any CPU.ActiveCfg = Release|Any CPU
		{3FD39879-B007-4867-8A43-1F5A4E9583F7}.Release|Any CPU.Build.0 = Release|Any CPU
	EndGlobalSection
	GlobalSection(SolutionProperties) = preSolution
		HideSolutionNode = FALSE
	EndGlobalSection
	GlobalSection(ExtensibilityGlobals) = postSolution
		SolutionGuid = {0A1AEC29-618F-418A-AF28-00ADE436D593}
	EndGlobalSection
EndGlobal
